// !$*UTF8*$!
{
	archiveVersion = 1;
	classes = {
	};
	objectVersion = 46;
	objects = {

/* Begin PBXBuildFile section */
		84A84C9F1D164EA50067B64D /* AppDelegate.swift in Sources */ = {isa = PBXBuildFile; fileRef = 84A84C9E1D164EA50067B64D /* AppDelegate.swift */; };
		84A84CA11D164EA50067B64D /* ViewController.swift in Sources */ = {isa = PBXBuildFile; fileRef = 84A84CA01D164EA50067B64D /* ViewController.swift */; };
		84A84CA41D164EA50067B64D /* Main.storyboard in Resources */ = {isa = PBXBuildFile; fileRef = 84A84CA21D164EA50067B64D /* Main.storyboard */; };
		84A84CA61D164EA50067B64D /* Assets.xcassets in Resources */ = {isa = PBXBuildFile; fileRef = 84A84CA51D164EA50067B64D /* Assets.xcassets */; };
		84A84CA91D164EA50067B64D /* LaunchScreen.storyboard in Resources */ = {isa = PBXBuildFile; fileRef = 84A84CA71D164EA50067B64D /* LaunchScreen.storyboard */; };
		84A84CB41D164EA50067B64D /* FootBallNewTests.swift in Sources */ = {isa = PBXBuildFile; fileRef = 84A84CB31D164EA50067B64D /* FootBallNewTests.swift */; };
		84A84CBF1D164EA50067B64D /* FootBallNewUITests.swift in Sources */ = {isa = PBXBuildFile; fileRef = 84A84CBE1D164EA50067B64D /* FootBallNewUITests.swift */; };
/* End PBXBuildFile section */

/* Begin PBXContainerItemProxy section */
		84A84CB01D164EA50067B64D /* PBXContainerItemProxy */ = {
			isa = PBXContainerItemProxy;
			containerPortal = 84A84C931D164EA50067B64D /* Project object */;
			proxyType = 1;
			remoteGlobalIDString = 84A84C9A1D164EA50067B64D;
			remoteInfo = FootBallNew;
		};
		84A84CBB1D164EA50067B64D /* PBXContainerItemProxy */ = {
			isa = PBXContainerItemProxy;
			containerPortal = 84A84C931D164EA50067B64D /* Project object */;
			proxyType = 1;
			remoteGlobalIDString = 84A84C9A1D164EA50067B64D;
			remoteInfo = FootBallNew;
		};
/* End PBXContainerItemProxy section */

/* Begin PBXFileReference section */
		84A84C9B1D164EA50067B64D /* FootBallNew.app */ = {isa = PBXFileReference; explicitFileType = wrapper.application; includeInIndex = 0; path = FootBallNew.app; sourceTree = BUILT_PRODUCTS_DIR; };
		84A84C9E1D164EA50067B64D /* AppDelegate.swift */ = {isa = PBXFileReference; lastKnownFileType = sourcecode.swift; path = AppDelegate.swift; sourceTree = "<group>"; };
		84A84CA01D164EA50067B64D /* ViewController.swift */ = {isa = PBXFileReference; lastKnownFileType = sourcecode.swift; path = ViewController.swift; sourceTree = "<group>"; };
		84A84CA31D164EA50067B64D /* Base */ = {isa = PBXFileReference; lastKnownFileType = file.storyboard; name = Base; path = Base.lproj/Main.storyboard; sourceTree = "<group>"; };
		84A84CA51D164EA50067B64D /* Assets.xcassets */ = {isa = PBXFileReference; lastKnownFileType = folder.assetcatalog; path = Assets.xcassets; sourceTree = "<group>"; };
		84A84CA81D164EA50067B64D /* Base */ = {isa = PBXFileReference; lastKnownFileType = file.storyboard; name = Base; path = Base.lproj/LaunchScreen.storyboard; sourceTree = "<group>"; };
		84A84CAA1D164EA50067B64D /* Info.plist */ = {isa = PBXFileReference; lastKnownFileType = text.plist.xml; path = Info.plist; sourceTree = "<group>"; };
		84A84CAF1D164EA50067B64D /* FootBallNewTests.xctest */ = {isa = PBXFileReference; explicitFileType = wrapper.cfbundle; includeInIndex = 0; path = FootBallNewTests.xctest; sourceTree = BUILT_PRODUCTS_DIR; };
		84A84CB31D164EA50067B64D /* FootBallNewTests.swift */ = {isa = PBXFileReference; lastKnownFileType = sourcecode.swift; path = FootBallNewTests.swift; sourceTree = "<group>"; };
		84A84CB51D164EA50067B64D /* Info.plist */ = {isa = PBXFileReference; lastKnownFileType = text.plist.xml; path = Info.plist; sourceTree = "<group>"; };
		84A84CBA1D164EA50067B64D /* FootBallNewUITests.xctest */ = {isa = PBXFileReference; explicitFileType = wrapper.cfbundle; includeInIndex = 0; path = FootBallNewUITests.xctest; sourceTree = BUILT_PRODUCTS_DIR; };
		84A84CBE1D164EA50067B64D /* FootBallNewUITests.swift */ = {isa = PBXFileReference; lastKnownFileType = sourcecode.swift; path = FootBallNewUITests.swift; sourceTree = "<group>"; };
		84A84CC01D164EA50067B64D /* Info.plist */ = {isa = PBXFileReference; lastKnownFileType = text.plist.xml; path = Info.plist; sourceTree = "<group>"; };
/* End PBXFileReference section */

/* Begin PBXFrameworksBuildPhase section */
		84A84C981D164EA50067B64D /* Frameworks */ = {
			isa = PBXFrameworksBuildPhase;
			buildActionMask = 2147483647;
			files = (
			);
			runOnlyForDeploymentPostprocessing = 0;
		};
		84A84CAC1D164EA50067B64D /* Frameworks */ = {
			isa = PBXFrameworksBuildPhase;
			buildActionMask = 2147483647;
			files = (
			);
			runOnlyForDeploymentPostprocessing = 0;
		};
		84A84CB71D164EA50067B64D /* Frameworks */ = {
			isa = PBXFrameworksBuildPhase;
			buildActionMask = 2147483647;
			files = (
			);
			runOnlyForDeploymentPostprocessing = 0;
		};
/* End PBXFrameworksBuildPhase section */

/* Begin PBXGroup section */
		84A84C921D164EA50067B64D = {
			isa = PBXGroup;
			children = (
				84A84C9D1D164EA50067B64D /* FootBallNew */,
				84A84CB21D164EA50067B64D /* FootBallNewTests */,
				84A84CBD1D164EA50067B64D /* FootBallNewUITests */,
				84A84C9C1D164EA50067B64D /* Products */,
			);
			sourceTree = "<group>";
		};
		84A84C9C1D164EA50067B64D /* Products */ = {
			isa = PBXGroup;
			children = (
				84A84C9B1D164EA50067B64D /* FootBallNew.app */,
				84A84CAF1D164EA50067B64D /* FootBallNewTests.xctest */,
				84A84CBA1D164EA50067B64D /* FootBallNewUITests.xctest */,
			);
			name = Products;
			sourceTree = "<group>";
		};
		84A84C9D1D164EA50067B64D /* FootBallNew */ = {
			isa = PBXGroup;
			children = (
				84A84C9E1D164EA50067B64D /* AppDelegate.swift */,
				84A84CA01D164EA50067B64D /* ViewController.swift */,
				84A84CA21D164EA50067B64D /* Main.storyboard */,
				84A84CA51D164EA50067B64D /* Assets.xcassets */,
				84A84CA71D164EA50067B64D /* LaunchScreen.storyboard */,
				84A84CAA1D164EA50067B64D /* Info.plist */,
			);
			path = FootBallNew;
			sourceTree = "<group>";
		};
		84A84CB21D164EA50067B64D /* FootBallNewTests */ = {
			isa = PBXGroup;
			children = (
				84A84CB31D164EA50067B64D /* FootBallNewTests.swift */,
				84A84CB51D164EA50067B64D /* Info.plist */,
			);
			path = FootBallNewTests;
			sourceTree = "<group>";
		};
		84A84CBD1D164EA50067B64D /* FootBallNewUITests */ = {
			isa = PBXGroup;
			children = (
				84A84CBE1D164EA50067B64D /* FootBallNewUITests.swift */,
				84A84CC01D164EA50067B64D /* Info.plist */,
			);
			path = FootBallNewUITests;
			sourceTree = "<group>";
		};
/* End PBXGroup section */

/* Begin PBXNativeTarget section */
		84A84C9A1D164EA50067B64D /* FootBallNew */ = {
			isa = PBXNativeTarget;
			buildConfigurationList = 84A84CC31D164EA50067B64D /* Build configuration list for PBXNativeTarget "FootBallNew" */;
			buildPhases = (
				84A84C971D164EA50067B64D /* Sources */,
				84A84C981D164EA50067B64D /* Frameworks */,
				84A84C991D164EA50067B64D /* Resources */,
			);
			buildRules = (
			);
			dependencies = (
			);
			name = FootBallNew;
			productName = FootBallNew;
			productReference = 84A84C9B1D164EA50067B64D /* FootBallNew.app */;
			productType = "com.apple.product-type.application";
		};
		84A84CAE1D164EA50067B64D /* FootBallNewTests */ = {
			isa = PBXNativeTarget;
			buildConfigurationList = 84A84CC61D164EA50067B64D /* Build configuration list for PBXNativeTarget "FootBallNewTests" */;
			buildPhases = (
				84A84CAB1D164EA50067B64D /* Sources */,
				84A84CAC1D164EA50067B64D /* Frameworks */,
				84A84CAD1D164EA50067B64D /* Resources */,
			);
			buildRules = (
			);
			dependencies = (
				84A84CB11D164EA50067B64D /* PBXTargetDependency */,
			);
			name = FootBallNewTests;
			productName = FootBallNewTests;
			productReference = 84A84CAF1D164EA50067B64D /* FootBallNewTests.xctest */;
			productType = "com.apple.product-type.bundle.unit-test";
		};
		84A84CB91D164EA50067B64D /* FootBallNewUITests */ = {
			isa = PBXNativeTarget;
			buildConfigurationList = 84A84CC91D164EA50067B64D /* Build configuration list for PBXNativeTarget "FootBallNewUITests" */;
			buildPhases = (
				84A84CB61D164EA50067B64D /* Sources */,
				84A84CB71D164EA50067B64D /* Frameworks */,
				84A84CB81D164EA50067B64D /* Resources */,
			);
			buildRules = (
			);
			dependencies = (
				84A84CBC1D164EA50067B64D /* PBXTargetDependency */,
			);
			name = FootBallNewUITests;
			productName = FootBallNewUITests;
			productReference = 84A84CBA1D164EA50067B64D /* FootBallNewUITests.xctest */;
			productType = "com.apple.product-type.bundle.ui-testing";
		};
/* End PBXNativeTarget section */

/* Begin PBXProject section */
		84A84C931D164EA50067B64D /* Project object */ = {
			isa = PBXProject;
			attributes = {
				LastSwiftUpdateCheck = 0720;
				LastUpgradeCheck = 0720;
				ORGANIZATIONNAME = "Nguyen Hai Dang";
				TargetAttributes = {
					84A84C9A1D164EA50067B64D = {
						CreatedOnToolsVersion = 7.2.1;
					};
					84A84CAE1D164EA50067B64D = {
						CreatedOnToolsVersion = 7.2.1;
						TestTargetID = 84A84C9A1D164EA50067B64D;
					};
					84A84CB91D164EA50067B64D = {
						CreatedOnToolsVersion = 7.2.1;
						TestTargetID = 84A84C9A1D164EA50067B64D;
					};
				};
			};
			buildConfigurationList = 84A84C961D164EA50067B64D /* Build configuration list for PBXProject "FootBallNew" */;
			compatibilityVersion = "Xcode 3.2";
			developmentRegion = English;
			hasScannedForEncodings = 0;
			knownRegions = (
				en,
				Base,
			);
			mainGroup = 84A84C921D164EA50067B64D;
			productRefGroup = 84A84C9C1D164EA50067B64D /* Products */;
			projectDirPath = "";
			projectRoot = "";
			targets = (
				84A84C9A1D164EA50067B64D /* FootBallNew */,
				84A84CAE1D164EA50067B64D /* FootBallNewTests */,
				84A84CB91D164EA50067B64D /* FootBallNewUITests */,
			);
		};
/* End PBXProject section */

/* Begin PBXResourcesBuildPhase section */
		84A84C991D164EA50067B64D /* Resources */ = {
			isa = PBXResourcesBuildPhase;
			buildActionMask = 2147483647;
			files = (
				84A84CA91D164EA50067B64D /* LaunchScreen.storyboard in Resources */,
				84A84CA61D164EA50067B64D /* Assets.xcassets in Resources */,
				84A84CA41D164EA50067B64D /* Main.storyboard in Resources */,
			);
			runOnlyForDeploymentPostprocessing = 0;
		};
		84A84CAD1D164EA50067B64D /* Resources */ = {
			isa = PBXResourcesBuildPhase;
			buildActionMask = 2147483647;
			files = (
			);
			runOnlyForDeploymentPostprocessing = 0;
		};
		84A84CB81D164EA50067B64D /* Resources */ = {
			isa = PBXResourcesBuildPhase;
			buildActionMask = 2147483647;
			files = (
			);
			runOnlyForDeploymentPostprocessing = 0;
		};
/* End PBXResourcesBuildPhase section */

/* Begin PBXSourcesBuildPhase section */
		84A84C971D164EA50067B64D /* Sources */ = {
			isa = PBXSourcesBuildPhase;
			buildActionMask = 2147483647;
			files = (
				84A84CA11D164EA50067B64D /* ViewController.swift in Sources */,
				84A84C9F1D164EA50067B64D /* AppDelegate.swift in Sources */,
			);
			runOnlyForDeploymentPostprocessing = 0;
		};
		84A84CAB1D164EA50067B64D /* Sources */ = {
			isa = PBXSourcesBuildPhase;
			buildActionMask = 2147483647;
			files = (
				84A84CB41D164EA50067B64D /* FootBallNewTests.swift in Sources */,
			);
			runOnlyForDeploymentPostprocessing = 0;
		};
		84A84CB61D164EA50067B64D /* Sources */ = {
			isa = PBXSourcesBuildPhase;
			buildActionMask = 2147483647;
			files = (
				84A84CBF1D164EA50067B64D /* FootBallNewUITests.swift in Sources */,
			);
			runOnlyForDeploymentPostprocessing = 0;
		};
/* End PBXSourcesBuildPhase section */

/* Begin PBXTargetDependency section */
		84A84CB11D164EA50067B64D /* PBXTargetDependency */ = {
			isa = PBXTargetDependency;
			target = 84A84C9A1D164EA50067B64D /* FootBallNew */;
			targetProxy = 84A84CB01D164EA50067B64D /* PBXContainerItemProxy */;
		};
		84A84CBC1D164EA50067B64D /* PBXTargetDependency */ = {
			isa = PBXTargetDependency;
			target = 84A84C9A1D164EA50067B64D /* FootBallNew */;
			targetProxy = 84A84CBB1D164EA50067B64D /* PBXContainerItemProxy */;
		};
/* End PBXTargetDependency section */

/* Begin PBXVariantGroup section */
		84A84CA21D164EA50067B64D /* Main.storyboard */ = {
			isa = PBXVariantGroup;
			children = (
				84A84CA31D164EA50067B64D /* Base */,
			);
			name = Main.storyboard;
			sourceTree = "<group>";
		};
		84A84CA71D164EA50067B64D /* LaunchScreen.storyboard */ = {
			isa = PBXVariantGroup;
			children = (
				84A84CA81D164EA50067B64D /* Base */,
			);
			name = LaunchScreen.storyboard;
			sourceTree = "<group>";
		};
/* End PBXVariantGroup section */

/* Begin XCBuildConfiguration section */
		84A84CC11D164EA50067B64D /* Debug */ = {
			isa = XCBuildConfiguration;
			buildSettings = {
				ALWAYS_SEARCH_USER_PATHS = NO;
				CLANG_CXX_LANGUAGE_STANDARD = "gnu++0x";
				CLANG_CXX_LIBRARY = "libc++";
				CLANG_ENABLE_MODULES = YES;
				CLANG_ENABLE_OBJC_ARC = YES;
				CLANG_WARN_BOOL_CONVERSION = YES;
				CLANG_WARN_CONSTANT_CONVERSION = YES;
				CLANG_WARN_DIRECT_OBJC_ISA_USAGE = YES_ERROR;
				CLANG_WARN_EMPTY_BODY = YES;
				CLANG_WARN_ENUM_CONVERSION = YES;
				CLANG_WARN_INT_CONVERSION = YES;
				CLANG_WARN_OBJC_ROOT_CLASS = YES_ERROR;
				CLANG_WARN_UNREACHABLE_CODE = YES;
				CLANG_WARN__DUPLICATE_METHOD_MATCH = YES;
				"CODE_SIGN_IDENTITY[sdk=iphoneos*]" = "iPhone Developer";
				COPY_PHASE_STRIP = NO;
				DEBUG_INFORMATION_FORMAT = dwarf;
				ENABLE_STRICT_OBJC_MSGSEND = YES;
				ENABLE_TESTABILITY = YES;
				GCC_C_LANGUAGE_STANDARD = gnu99;
				GCC_DYNAMIC_NO_PIC = NO;
				GCC_NO_COMMON_BLOCKS = YES;
				GCC_OPTIMIZATION_LEVEL = 0;
				GCC_PREPROCESSOR_DEFINITIONS = (
					"DEBUG=1",
					"$(inherited)",
				);
				GCC_WARN_64_TO_32_BIT_CONVERSION = YES;
				GCC_WARN_ABOUT_RETURN_TYPE = YES_ERROR;
				GCC_WARN_UNDECLARED_SELECTOR = YES;
				GCC_WARN_UNINITIALIZED_AUTOS = YES_AGGRESSIVE;
				GCC_WARN_UNUSED_FUNCTION = YES;
				GCC_WARN_UNUSED_VARIABLE = YES;
				IPHONEOS_DEPLOYMENT_TARGET = 9.2;
				MTL_ENABLE_DEBUG_INFO = YES;
				ONLY_ACTIVE_ARCH = YES;
				SDKROOT = iphoneos;
				SWIFT_OPTIMIZATION_LEVEL = "-Onone";
				TARGETED_DEVICE_FAMILY = "1,2";
			};
			name = Debug;
		};
		84A84CC21D164EA50067B64D /* Release */ = {
			isa = XCBuildConfiguration;
			buildSettings = {
				ALWAYS_SEARCH_USER_PATHS = NO;
				CLANG_CXX_LANGUAGE_STANDARD = "gnu++0x";
				CLANG_CXX_LIBRARY = "libc++";
				CLANG_ENABLE_MODULES = YES;
				CLANG_ENABLE_OBJC_ARC = YES;
				CLANG_WARN_BOOL_CONVERSION = YES;
				CLANG_WARN_CONSTANT_CONVERSION = YES;
				CLANG_WARN_DIRECT_OBJC_ISA_USAGE = YES_ERROR;
				CLANG_WARN_EMPTY_BODY = YES;
				CLANG_WARN_ENUM_CONVERSION = YES;
				CLANG_WARN_INT_CONVERSION = YES;
				CLANG_WARN_OBJC_ROOT_CLASS = YES_ERROR;
				CLANG_WARN_UNREACHABLE_CODE = YES;
				CLANG_WARN__DUPLICATE_METHOD_MATCH = YES;
				"CODE_SIGN_IDENTITY[sdk=iphoneos*]" = "iPhone Developer";
				COPY_PHASE_STRIP = NO;
				DEBUG_INFORMATION_FORMAT = "dwarf-with-dsym";
				ENABLE_NS_ASSERTIONS = NO;
				ENABLE_STRICT_OBJC_MSGSEND = YES;
				GCC_C_LANGUAGE_STANDARD = gnu99;
				GCC_NO_COMMON_BLOCKS = YES;
				GCC_WARN_64_TO_32_BIT_CONVERSION = YES;
				GCC_WARN_ABOUT_RETURN_TYPE = YES_ERROR;
				GCC_WARN_UNDECLARED_SELECTOR = YES;
				GCC_WARN_UNINITIALIZED_AUTOS = YES_AGGRESSIVE;
				GCC_WARN_UNUSED_FUNCTION = YES;
				GCC_WARN_UNUSED_VARIABLE = YES;
				IPHONEOS_DEPLOYMENT_TARGET = 9.2;
				MTL_ENABLE_DEBUG_INFO = NO;
				SDKROOT = iphoneos;
				TARGETED_DEVICE_FAMILY = "1,2";
				VALIDATE_PRODUCT = YES;
			};
			name = Release;
		};
		84A84CC41D164EA50067B64D /* Debug */ = {
			isa = XCBuildConfiguration;
			buildSettings = {
				ASSETCATALOG_COMPILER_APPICON_NAME = AppIcon;
				INFOPLIST_FILE = FootBallNew/Info.plist;
				LD_RUNPATH_SEARCH_PATHS = "$(inherited) @executable_path/Frameworks";
				PRODUCT_BUNDLE_IDENTIFIER = com.browan.FootBallNew;
				PRODUCT_NAME = "$(TARGET_NAME)";
			};
			name = Debug;
		};
		84A84CC51D164EA50067B64D /* Release */ = {
			isa = XCBuildConfiguration;
			buildSettings = {
				ASSETCATALOG_COMPILER_APPICON_NAME = AppIcon;
				INFOPLIST_FILE = FootBallNew/Info.plist;
				LD_RUNPATH_SEARCH_PATHS = "$(inherited) @executable_path/Frameworks";
				PRODUCT_BUNDLE_IDENTIFIER = com.browan.FootBallNew;
				PRODUCT_NAME = "$(TARGET_NAME)";
			};
			name = Release;
		};
		84A84CC71D164EA50067B64D /* Debug */ = {
			isa = XCBuildConfiguration;
			buildSettings = {
				BUNDLE_LOADER = "$(TEST_HOST)";
				INFOPLIST_FILE = FootBallNewTests/Info.plist;
				LD_RUNPATH_SEARCH_PATHS = "$(inherited) @executable_path/Frameworks @loader_path/Frameworks";
				PRODUCT_BUNDLE_IDENTIFIER = com.browan.FootBallNewTests;
				PRODUCT_NAME = "$(TARGET_NAME)";
				TEST_HOST = "$(BUILT_PRODUCTS_DIR)/FootBallNew.app/FootBallNew";
			};
			name = Debug;
		};
		84A84CC81D164EA50067B64D /* Release */ = {
			isa = XCBuildConfiguration;
			buildSettings = {
				BUNDLE_LOADER = "$(TEST_HOST)";
				INFOPLIST_FILE = FootBallNewTests/Info.plist;
				LD_RUNPATH_SEARCH_PATHS = "$(inherited) @executable_path/Frameworks @loader_path/Frameworks";
				PRODUCT_BUNDLE_IDENTIFIER = com.browan.FootBallNewTests;
				PRODUCT_NAME = "$(TARGET_NAME)";
				TEST_HOST = "$(BUILT_PRODUCTS_DIR)/FootBallNew.app/FootBallNew";
			};
			name = Release;
		};
		84A84CCA1D164EA50067B64D /* Debug */ = {
			isa = XCBuildConfiguration;
			buildSettings = {
				INFOPLIST_FILE = FootBallNewUITests/Info.plist;
				LD_RUNPATH_SEARCH_PATHS = "$(inherited) @executable_path/Frameworks @loader_path/Frameworks";
				PRODUCT_BUNDLE_IDENTIFIER = com.browan.FootBallNewUITests;
				PRODUCT_NAME = "$(TARGET_NAME)";
				TEST_TARGET_NAME = FootBallNew;
				USES_XCTRUNNER = YES;
			};
			name = Debug;
		};
		84A84CCB1D164EA50067B64D /* Release */ = {
			isa = XCBuildConfiguration;
			buildSettings = {
				INFOPLIST_FILE = FootBallNewUITests/Info.plist;
				LD_RUNPATH_SEARCH_PATHS = "$(inherited) @executable_path/Frameworks @loader_path/Frameworks";
				PRODUCT_BUNDLE_IDENTIFIER = com.browan.FootBallNewUITests;
				PRODUCT_NAME = "$(TARGET_NAME)";
				TEST_TARGET_NAME = FootBallNew;
				USES_XCTRUNNER = YES;
			};
			name = Release;
		};
/* End XCBuildConfiguration section */

/* Begin XCConfigurationList section */
		84A84C961D164EA50067B64D /* Build configuration list for PBXProject "FootBallNew" */ = {
			isa = XCConfigurationList;
			buildConfigurations = (
				84A84CC11D164EA50067B64D /* Debug */,
				84A84CC21D164EA50067B64D /* Release */,
			);
			defaultConfigurationIsVisible = 0;
			defaultConfigurationName = Release;
		};
		84A84CC31D164EA50067B64D /* Build configuration list for PBXNativeTarget "FootBallNew" */ = {
			isa = XCConfigurationList;
			buildConfigurations = (
				84A84CC41D164EA50067B64D /* Debug */,
				84A84CC51D164EA50067B64D /* Release */,
			);
			defaultConfigurationIsVisible = 0;
		};
		84A84CC61D164EA50067B64D /* Build configuration list for PBXNativeTarget "FootBallNewTests" */ = {
			isa = XCConfigurationList;
			buildConfigurations = (
				84A84CC71D164EA50067B64D /* Debug */,
				84A84CC81D164EA50067B64D /* Release */,
			);
			defaultConfigurationIsVisible = 0;
		};
		84A84CC91D164EA50067B64D /* Build configuration list for PBXNativeTarget "FootBallNewUITests" */ = {
			isa = XCConfigurationList;
			buildConfigurations = (
				84A84CCA1D164EA50067B64D /* Debug */,
				84A84CCB1D164EA50067B64D /* Release */,
			);
			defaultConfigurationIsVisible = 0;
		};
/* End XCConfigurationList section */
	};
	rootObject = 84A84C931D164EA50067B64D /* Project object */;
}
